
Microsoft Visual Studio Solution File, Format Version 12.00
# Visual Studio 15
VisualStudioVersion = 15.0.28010.2048
MinimumVisualStudioVersion = 10.0.40219.1
Project("{FAE04EC0-301F-11D3-BF4B-00C04F79EFBC}") = "CookBook", "CookBook\CookBook.csproj", "{0A613ECB-EE1A-45A7-B538-FB1E35EC34CD}"
EndProject
Project("{FAE04EC0-301F-11D3-BF4B-00C04F79EFBC}") = "CookBook.Tests", "CookBook.Tests\CookBook.Tests.csproj", "{DAD2AA52-190B-4045-BF34-11DD347A9FAD}"
EndProject
Global
	GlobalSection(SolutionConfigurationPlatforms) = preSolution
		Debug|Any CPU = Debug|Any CPU
		Release|Any CPU = Release|Any CPU
	EndGlobalSection
	GlobalSection(ProjectConfigurationPlatforms) = postSolution
		{0A613ECB-EE1A-45A7-B538-FB1E35EC34CD}.Debug|Any CPU.ActiveCfg = Debug|Any CPU
		{0A613ECB-EE1A-45A7-B538-FB1E35EC34CD}.Debug|Any CPU.Build.0 = Debug|Any CPU
		{0A613ECB-EE1A-45A7-B538-FB1E35EC34CD}.Release|Any CPU.ActiveCfg = Release|Any CPU
		{0A613ECB-EE1A-45A7-B538-FB1E35EC34CD}.Release|Any CPU.Build.0 = Release|Any CPU
		{DAD2AA52-190B-4045-BF34-11DD347A9FAD}.Debug|Any CPU.ActiveCfg = Debug|Any CPU
		{DAD2AA52-190B-4045-BF34-11DD347A9FAD}.Debug|Any CPU.Build.0 = Debug|Any CPU
		{DAD2AA52-190B-4045-BF34-11DD347A9FAD}.Release|Any CPU.ActiveCfg = Release|Any CPU
		{DAD2AA52-190B-4045-BF34-11DD347A9FAD}.Release|Any CPU.Build.0 = Release|Any CPU
	EndGlobalSection
	GlobalSection(SolutionProperties) = preSolution
		HideSolutionNode = FALSE
	EndGlobalSection
	GlobalSection(ExtensibilityGlobals) = postSolution
		SolutionGuid = {DA473C66-7DC8-4DB3-A6D7-D0301D873789}
	EndGlobalSection
EndGlobal
